
Microsoft Visual Studio Solution File, Format Version 12.00
# Visual Studio Version 16
VisualStudioVersion = 16.0.31829.152
MinimumVisualStudioVersion = 10.0.40219.1
Project("{FAE04EC0-301F-11D3-BF4B-00C04F79EFBC}") = "BetaSlides", "BetaSlides\BetaSlides.csproj", "{0A86EA5B-DB7E-4F12-B285-7D1B69E23ECD}"
EndProject
Global
	GlobalSection(SolutionConfigurationPlatforms) = preSolution
		Debug|Any CPU = Debug|Any CPU
		Release|Any CPU = Release|Any CPU
	EndGlobalSection
	GlobalSection(ProjectConfigurationPlatforms) = postSolution
		{0A86EA5B-DB7E-4F12-B285-7D1B69E23ECD}.Debug|Any CPU.ActiveCfg = Debug|Any CPU
		{0A86EA5B-DB7E-4F12-B285-7D1B69E23ECD}.Debug|Any CPU.Build.0 = Debug|Any CPU
		{0A86EA5B-DB7E-4F12-B285-7D1B69E23ECD}.Release|Any CPU.ActiveCfg = Release|Any CPU
		{0A86EA5B-DB7E-4F12-B285-7D1B69E23ECD}.Release|Any CPU.Build.0 = Release|Any CPU
	EndGlobalSection
	GlobalSection(SolutionProperties) = preSolution
		HideSolutionNode = FALSE
	EndGlobalSection
	GlobalSection(ExtensibilityGlobals) = postSolution
		SolutionGuid = {D1860E35-AAB7-459A-8855-682614613CB8}
	EndGlobalSection
EndGlobal
